// !$*UTF8*$!
{
	archiveVersion = 1;
	classes = {
	};
	objectVersion = 46;
	objects = {

/* Begin PBXBuildFile section */
		3854DDBA1DC31872000E8824 /* aescrypt.c in Sources */ = {isa = PBXBuildFile; fileRef = 3854DD971DC31872000E8824 /* aescrypt.c */; };
		3854DDBB1DC31872000E8824 /* aeskey.c in Sources */ = {isa = PBXBuildFile; fileRef = 3854DD981DC31872000E8824 /* aeskey.c */; };
		3854DDBC1DC31872000E8824 /* aestab.c in Sources */ = {isa = PBXBuildFile; fileRef = 3854DD9A1DC31872000E8824 /* aestab.c */; };
		3854DDBD1DC31872000E8824 /* entropy.c in Sources */ = {isa = PBXBuildFile; fileRef = 3854DD9E1DC31872000E8824 /* entropy.c */; };
		3854DDBE1DC31872000E8824 /* fileenc.c in Sources */ = {isa = PBXBuildFile; fileRef = 3854DDA01DC31872000E8824 /* fileenc.c */; };
		3854DDBF1DC31872000E8824 /* hmac.c in Sources */ = {isa = PBXBuildFile; fileRef = 3854DDA21DC31872000E8824 /* hmac.c */; };
		3854DDC01DC31872000E8824 /* prng.c in Sources */ = {isa = PBXBuildFile; fileRef = 3854DDA41DC31872000E8824 /* prng.c */; };
		3854DDC11DC31872000E8824 /* pwd2key.c in Sources */ = {isa = PBXBuildFile; fileRef = 3854DDA61DC31872000E8824 /* pwd2key.c */; };
		3854DDC21DC31872000E8824 /* sha1.c in Sources */ = {isa = PBXBuildFile; fileRef = 3854DDA81DC31872000E8824 /* sha1.c */; };
		3854DDC31DC31872000E8824 /* ioapi.c in Sources */ = {isa = PBXBuildFile; fileRef = 3854DDAD1DC31872000E8824 /* ioapi.c */; };
		3854DDC41DC31872000E8824 /* mztools.c in Sources */ = {isa = PBXBuildFile; fileRef = 3854DDAF1DC31872000E8824 /* mztools.c */; };
		3854DDC51DC31872000E8824 /* unzip.c in Sources */ = {isa = PBXBuildFile; fileRef = 3854DDB11DC31872000E8824 /* unzip.c */; };
		3854DDC61DC31872000E8824 /* zip.c in Sources */ = {isa = PBXBuildFile; fileRef = 3854DDB31DC31872000E8824 /* zip.c */; };
		3854DDC81DC31872000E8824 /* SSZipArchive.m in Sources */ = {isa = PBXBuildFile; fileRef = 3854DDB71DC31872000E8824 /* SSZipArchive.m */; };
		386E9C411DACBEEA00A43D54 /* DoctorStrangeUpdater.m in Sources */ = {isa = PBXBuildFile; fileRef = 386E9C3E1DACBEEA00A43D54 /* DoctorStrangeUpdater.m */; };
		386E9C421DACBEEA00A43D54 /* StatusBarNotification.m in Sources */ = {isa = PBXBuildFile; fileRef = 386E9C401DACBEEA00A43D54 /* StatusBarNotification.m */; };
		38963C8D1DBEF8340077EA40 /* bspatch.c in Sources */ = {isa = PBXBuildFile; fileRef = 38963C8B1DBEF8340077EA40 /* bspatch.c */; };
		A1320F851E9A712900F47BDE /* Downloader.m in Sources */ = {isa = PBXBuildFile; fileRef = A1320F841E9A712900F47BDE /* Downloader.m */; };
		A1320F891E9A7BAB00F47BDE /* DoctorFSManager.m in Sources */ = {isa = PBXBuildFile; fileRef = A1320F881E9A7BAB00F47BDE /* DoctorFSManager.m */; };
/* End PBXBuildFile section */

/* Begin PBXCopyFilesBuildPhase section */
		B781E74C1C52EC0100F23A25 /* CopyFiles */ = {
			isa = PBXCopyFilesBuildPhase;
			buildActionMask = 2147483647;
			dstPath = "include/$(PRODUCT_NAME)";
			dstSubfolderSpec = 16;
			files = (
			);
			runOnlyForDeploymentPostprocessing = 0;
		};
/* End PBXCopyFilesBuildPhase section */

/* Begin PBXFileReference section */
		3854DD7C1DC30C17000E8824 /* libz.tbd */ = {isa = PBXFileReference; lastKnownFileType = "sourcecode.text-based-dylib-definition"; name = libz.tbd; path = usr/lib/libz.tbd; sourceTree = SDKROOT; };
		3854DD951DC31872000E8824 /* aes.h */ = {isa = PBXFileReference; fileEncoding = 4; lastKnownFileType = sourcecode.c.h; path = aes.h; sourceTree = "<group>"; };
		3854DD961DC31872000E8824 /* aes_via_ace.h */ = {isa = PBXFileReference; fileEncoding = 4; lastKnownFileType = sourcecode.c.h; path = aes_via_ace.h; sourceTree = "<group>"; };
		3854DD971DC31872000E8824 /* aescrypt.c */ = {isa = PBXFileReference; fileEncoding = 4; lastKnownFileType = sourcecode.c.c; path = aescrypt.c; sourceTree = "<group>"; };
		3854DD981DC31872000E8824 /* aeskey.c */ = {isa = PBXFileReference; fileEncoding = 4; lastKnownFileType = sourcecode.c.c; path = aeskey.c; sourceTree = "<group>"; };
		3854DD991DC31872000E8824 /* aesopt.h */ = {isa = PBXFileReference; fileEncoding = 4; lastKnownFileType = sourcecode.c.h; path = aesopt.h; sourceTree = "<group>"; };
		3854DD9A1DC31872000E8824 /* aestab.c */ = {isa = PBXFileReference; fileEncoding = 4; lastKnownFileType = sourcecode.c.c; path = aestab.c; sourceTree = "<group>"; };
		3854DD9B1DC31872000E8824 /* aestab.h */ = {isa = PBXFileReference; fileEncoding = 4; lastKnownFileType = sourcecode.c.h; path = aestab.h; sourceTree = "<group>"; };
		3854DD9C1DC31872000E8824 /* brg_endian.h */ = {isa = PBXFileReference; fileEncoding = 4; lastKnownFileType = sourcecode.c.h; path = brg_endian.h; sourceTree = "<group>"; };
		3854DD9D1DC31872000E8824 /* brg_types.h */ = {isa = PBXFileReference; fileEncoding = 4; lastKnownFileType = sourcecode.c.h; path = brg_types.h; sourceTree = "<group>"; };
		3854DD9E1DC31872000E8824 /* entropy.c */ = {isa = PBXFileReference; fileEncoding = 4; lastKnownFileType = sourcecode.c.c; path = entropy.c; sourceTree = "<group>"; };
		3854DD9F1DC31872000E8824 /* entropy.h */ = {isa = PBXFileReference; fileEncoding = 4; lastKnownFileType = sourcecode.c.h; path = entropy.h; sourceTree = "<group>"; };
		3854DDA01DC31872000E8824 /* fileenc.c */ = {isa = PBXFileReference; fileEncoding = 4; lastKnownFileType = sourcecode.c.c; path = fileenc.c; sourceTree = "<group>"; };
		3854DDA11DC31872000E8824 /* fileenc.h */ = {isa = PBXFileReference; fileEncoding = 4; lastKnownFileType = sourcecode.c.h; path = fileenc.h; sourceTree = "<group>"; };
		3854DDA21DC31872000E8824 /* hmac.c */ = {isa = PBXFileReference; fileEncoding = 4; lastKnownFileType = sourcecode.c.c; path = hmac.c; sourceTree = "<group>"; };
		3854DDA31DC31872000E8824 /* hmac.h */ = {isa = PBXFileReference; fileEncoding = 4; lastKnownFileType = sourcecode.c.h; path = hmac.h; sourceTree = "<group>"; };
		3854DDA41DC31872000E8824 /* prng.c */ = {isa = PBXFileReference; fileEncoding = 4; lastKnownFileType = sourcecode.c.c; path = prng.c; sourceTree = "<group>"; };
		3854DDA51DC31872000E8824 /* prng.h */ = {isa = PBXFileReference; fileEncoding = 4; lastKnownFileType = sourcecode.c.h; path = prng.h; sourceTree = "<group>"; };
		3854DDA61DC31872000E8824 /* pwd2key.c */ = {isa = PBXFileReference; fileEncoding = 4; lastKnownFileType = sourcecode.c.c; path = pwd2key.c; sourceTree = "<group>"; };
		3854DDA71DC31872000E8824 /* pwd2key.h */ = {isa = PBXFileReference; fileEncoding = 4; lastKnownFileType = sourcecode.c.h; path = pwd2key.h; sourceTree = "<group>"; };
		3854DDA81DC31872000E8824 /* sha1.c */ = {isa = PBXFileReference; fileEncoding = 4; lastKnownFileType = sourcecode.c.c; path = sha1.c; sourceTree = "<group>"; };
		3854DDA91DC31872000E8824 /* sha1.h */ = {isa = PBXFileReference; fileEncoding = 4; lastKnownFileType = sourcecode.c.h; path = sha1.h; sourceTree = "<group>"; };
		3854DDAA1DC31872000E8824 /* Info.plist */ = {isa = PBXFileReference; fileEncoding = 4; lastKnownFileType = text.plist.xml; path = Info.plist; sourceTree = "<group>"; };
		3854DDAC1DC31872000E8824 /* crypt.h */ = {isa = PBXFileReference; fileEncoding = 4; lastKnownFileType = sourcecode.c.h; path = crypt.h; sourceTree = "<group>"; };
		3854DDAD1DC31872000E8824 /* ioapi.c */ = {isa = PBXFileReference; fileEncoding = 4; lastKnownFileType = sourcecode.c.c; path = ioapi.c; sourceTree = "<group>"; };
		3854DDAE1DC31872000E8824 /* ioapi.h */ = {isa = PBXFileReference; fileEncoding = 4; lastKnownFileType = sourcecode.c.h; path = ioapi.h; sourceTree = "<group>"; };
		3854DDAF1DC31872000E8824 /* mztools.c */ = {isa = PBXFileReference; fileEncoding = 4; lastKnownFileType = sourcecode.c.c; path = mztools.c; sourceTree = "<group>"; };
		3854DDB01DC31872000E8824 /* mztools.h */ = {isa = PBXFileReference; fileEncoding = 4; lastKnownFileType = sourcecode.c.h; path = mztools.h; sourceTree = "<group>"; };
		3854DDB11DC31872000E8824 /* unzip.c */ = {isa = PBXFileReference; fileEncoding = 4; lastKnownFileType = sourcecode.c.c; path = unzip.c; sourceTree = "<group>"; };
		3854DDB21DC31872000E8824 /* unzip.h */ = {isa = PBXFileReference; fileEncoding = 4; lastKnownFileType = sourcecode.c.h; path = unzip.h; sourceTree = "<group>"; };
		3854DDB31DC31872000E8824 /* zip.c */ = {isa = PBXFileReference; fileEncoding = 4; lastKnownFileType = sourcecode.c.c; path = zip.c; sourceTree = "<group>"; };
		3854DDB41DC31872000E8824 /* zip.h */ = {isa = PBXFileReference; fileEncoding = 4; lastKnownFileType = sourcecode.c.h; path = zip.h; sourceTree = "<group>"; };
		3854DDB61DC31872000E8824 /* SSZipArchive.h */ = {isa = PBXFileReference; fileEncoding = 4; lastKnownFileType = sourcecode.c.h; path = SSZipArchive.h; sourceTree = "<group>"; };
		3854DDB71DC31872000E8824 /* SSZipArchive.m */ = {isa = PBXFileReference; fileEncoding = 4; lastKnownFileType = sourcecode.c.objc; path = SSZipArchive.m; sourceTree = "<group>"; };
		3854DDB81DC31872000E8824 /* SSZipCommon.h */ = {isa = PBXFileReference; fileEncoding = 4; lastKnownFileType = sourcecode.c.h; path = SSZipCommon.h; sourceTree = "<group>"; };
		3854DDB91DC31872000E8824 /* ZipArchive.h */ = {isa = PBXFileReference; fileEncoding = 4; lastKnownFileType = sourcecode.c.h; path = ZipArchive.h; sourceTree = "<group>"; };
		386E9C3D1DACBEEA00A43D54 /* DoctorStrangeUpdater.h */ = {isa = PBXFileReference; fileEncoding = 4; lastKnownFileType = sourcecode.c.h; name = DoctorStrangeUpdater.h; path = DoctorStrange/DoctorStrangeUpdater.h; sourceTree = SOURCE_ROOT; };
		386E9C3E1DACBEEA00A43D54 /* DoctorStrangeUpdater.m */ = {isa = PBXFileReference; fileEncoding = 4; lastKnownFileType = sourcecode.c.objc; name = DoctorStrangeUpdater.m; path = DoctorStrange/DoctorStrangeUpdater.m; sourceTree = SOURCE_ROOT; };
		386E9C3F1DACBEEA00A43D54 /* StatusBarNotification.h */ = {isa = PBXFileReference; fileEncoding = 4; lastKnownFileType = sourcecode.c.h; name = StatusBarNotification.h; path = DoctorStrange/StatusBarNotification.h; sourceTree = SOURCE_ROOT; };
		386E9C401DACBEEA00A43D54 /* StatusBarNotification.m */ = {isa = PBXFileReference; fileEncoding = 4; lastKnownFileType = sourcecode.c.objc; name = StatusBarNotification.m; path = DoctorStrange/StatusBarNotification.m; sourceTree = SOURCE_ROOT; };
		38963C8B1DBEF8340077EA40 /* bspatch.c */ = {isa = PBXFileReference; fileEncoding = 4; lastKnownFileType = sourcecode.c.c; path = bspatch.c; sourceTree = SOURCE_ROOT; };
		38963C8C1DBEF8340077EA40 /* bspatch.h */ = {isa = PBXFileReference; fileEncoding = 4; lastKnownFileType = sourcecode.c.h; path = bspatch.h; sourceTree = SOURCE_ROOT; };
		A1320F831E9A712900F47BDE /* Downloader.h */ = {isa = PBXFileReference; fileEncoding = 4; lastKnownFileType = sourcecode.c.h; path = Downloader.h; sourceTree = SOURCE_ROOT; };
		A1320F841E9A712900F47BDE /* Downloader.m */ = {isa = PBXFileReference; fileEncoding = 4; lastKnownFileType = sourcecode.c.objc; path = Downloader.m; sourceTree = SOURCE_ROOT; };
		A1320F871E9A7BAB00F47BDE /* DoctorFSManager.h */ = {isa = PBXFileReference; fileEncoding = 4; lastKnownFileType = sourcecode.c.h; path = DoctorFSManager.h; sourceTree = SOURCE_ROOT; };
		A1320F881E9A7BAB00F47BDE /* DoctorFSManager.m */ = {isa = PBXFileReference; fileEncoding = 4; lastKnownFileType = sourcecode.c.objc; path = DoctorFSManager.m; sourceTree = SOURCE_ROOT; };
		B781E74E1C52EC0100F23A25 /* libDoctorStrange.a */ = {isa = PBXFileReference; explicitFileType = archive.ar; includeInIndex = 0; path = libDoctorStrange.a; sourceTree = BUILT_PRODUCTS_DIR; };
/* End PBXFileReference section */

/* Begin PBXFrameworksBuildPhase section */
		B781E74B1C52EC0100F23A25 /* Frameworks */ = {
			isa = PBXFrameworksBuildPhase;
			buildActionMask = 2147483647;
			files = (
			);
			runOnlyForDeploymentPostprocessing = 0;
		};
/* End PBXFrameworksBuildPhase section */

/* Begin PBXGroup section */
		3854DD7B1DC30C16000E8824 /* Frameworks */ = {
			isa = PBXGroup;
			children = (
				3854DD7C1DC30C17000E8824 /* libz.tbd */,
			);
			name = Frameworks;
			sourceTree = "<group>";
		};
		3854DD931DC31872000E8824 /* SSZipArchive */ = {
			isa = PBXGroup;
			children = (
				3854DD941DC31872000E8824 /* aes */,
				3854DDAA1DC31872000E8824 /* Info.plist */,
				3854DDAB1DC31872000E8824 /* minizip */,
				3854DDB61DC31872000E8824 /* SSZipArchive.h */,
				3854DDB71DC31872000E8824 /* SSZipArchive.m */,
				3854DDB81DC31872000E8824 /* SSZipCommon.h */,
				3854DDB91DC31872000E8824 /* ZipArchive.h */,
			);
			path = SSZipArchive;
			sourceTree = SOURCE_ROOT;
		};
		3854DD941DC31872000E8824 /* aes */ = {
			isa = PBXGroup;
			children = (
				3854DD951DC31872000E8824 /* aes.h */,
				3854DD961DC31872000E8824 /* aes_via_ace.h */,
				3854DD971DC31872000E8824 /* aescrypt.c */,
				3854DD981DC31872000E8824 /* aeskey.c */,
				3854DD991DC31872000E8824 /* aesopt.h */,
				3854DD9A1DC31872000E8824 /* aestab.c */,
				3854DD9B1DC31872000E8824 /* aestab.h */,
				3854DD9C1DC31872000E8824 /* brg_endian.h */,
				3854DD9D1DC31872000E8824 /* brg_types.h */,
				3854DD9E1DC31872000E8824 /* entropy.c */,
				3854DD9F1DC31872000E8824 /* entropy.h */,
				3854DDA01DC31872000E8824 /* fileenc.c */,
				3854DDA11DC31872000E8824 /* fileenc.h */,
				3854DDA21DC31872000E8824 /* hmac.c */,
				3854DDA31DC31872000E8824 /* hmac.h */,
				3854DDA41DC31872000E8824 /* prng.c */,
				3854DDA51DC31872000E8824 /* prng.h */,
				3854DDA61DC31872000E8824 /* pwd2key.c */,
				3854DDA71DC31872000E8824 /* pwd2key.h */,
				3854DDA81DC31872000E8824 /* sha1.c */,
				3854DDA91DC31872000E8824 /* sha1.h */,
			);
			path = aes;
			sourceTree = "<group>";
		};
		3854DDAB1DC31872000E8824 /* minizip */ = {
			isa = PBXGroup;
			children = (
				3854DDAC1DC31872000E8824 /* crypt.h */,
				3854DDAD1DC31872000E8824 /* ioapi.c */,
				3854DDAE1DC31872000E8824 /* ioapi.h */,
				3854DDAF1DC31872000E8824 /* mztools.c */,
				3854DDB01DC31872000E8824 /* mztools.h */,
				3854DDB11DC31872000E8824 /* unzip.c */,
				3854DDB21DC31872000E8824 /* unzip.h */,
				3854DDB31DC31872000E8824 /* zip.c */,
				3854DDB41DC31872000E8824 /* zip.h */,
			);
			path = minizip;
			sourceTree = "<group>";
		};
		38963C891DBEF7BB0077EA40 /* bspatch */ = {
			isa = PBXGroup;
			children = (
				38963C8B1DBEF8340077EA40 /* bspatch.c */,
				38963C8C1DBEF8340077EA40 /* bspatch.h */,
			);
			name = bspatch;
			sourceTree = "<group>";
		};
		A1320F811E9A70C600F47BDE /* StatusBarNotification */ = {
			isa = PBXGroup;
			children = (
				386E9C3F1DACBEEA00A43D54 /* StatusBarNotification.h */,
				386E9C401DACBEEA00A43D54 /* StatusBarNotification.m */,
			);
			name = StatusBarNotification;
			sourceTree = "<group>";
		};
		A1320F821E9A70F700F47BDE /* downloader */ = {
			isa = PBXGroup;
			children = (
				A1320F831E9A712900F47BDE /* Downloader.h */,
				A1320F841E9A712900F47BDE /* Downloader.m */,
			);
			name = downloader;
			sourceTree = "<group>";
		};
		A1320F861E9A7B7100F47BDE /* DoctorFSManager */ = {
			isa = PBXGroup;
			children = (
				A1320F871E9A7BAB00F47BDE /* DoctorFSManager.h */,
				A1320F881E9A7BAB00F47BDE /* DoctorFSManager.m */,
			);
			name = DoctorFSManager;
			sourceTree = "<group>";
		};
		B781E7451C52EC0100F23A25 = {
			isa = PBXGroup;
			children = (
				B781E7501C52EC0100F23A25 /* DoctorStrange */,
				B781E74F1C52EC0100F23A25 /* Products */,
				3854DD7B1DC30C16000E8824 /* Frameworks */,
			);
			sourceTree = "<group>";
		};
		B781E74F1C52EC0100F23A25 /* Products */ = {
			isa = PBXGroup;
			children = (
				B781E74E1C52EC0100F23A25 /* libDoctorStrange.a */,
			);
			name = Products;
			sourceTree = "<group>";
		};
		B781E7501C52EC0100F23A25 /* DoctorStrange */ = {
			isa = PBXGroup;
			children = (
				A1320F861E9A7B7100F47BDE /* DoctorFSManager */,
				A1320F821E9A70F700F47BDE /* downloader */,
				A1320F811E9A70C600F47BDE /* StatusBarNotification */,
				3854DD931DC31872000E8824 /* SSZipArchive */,
				38963C891DBEF7BB0077EA40 /* bspatch */,
				386E9C3D1DACBEEA00A43D54 /* DoctorStrangeUpdater.h */,
				386E9C3E1DACBEEA00A43D54 /* DoctorStrangeUpdater.m */,
			);
			name = DoctorStrange;
			path = ReactNativeAutoUpdater;
			sourceTree = "<group>";
		};
/* End PBXGroup section */

/* Begin PBXNativeTarget section */
		B781E74D1C52EC0100F23A25 /* DoctorStrange */ = {
			isa = PBXNativeTarget;
			buildConfigurationList = B781E7571C52EC0100F23A25 /* Build configuration list for PBXNativeTarget "DoctorStrange" */;
			buildPhases = (
				B781E74A1C52EC0100F23A25 /* Sources */,
				B781E74B1C52EC0100F23A25 /* Frameworks */,
				B781E74C1C52EC0100F23A25 /* CopyFiles */,
			);
			buildRules = (
			);
			dependencies = (
			);
			name = DoctorStrange;
			productName = ReactNativeAutoUpdater;
			productReference = B781E74E1C52EC0100F23A25 /* libDoctorStrange.a */;
			productType = "com.apple.product-type.library.static";
		};
/* End PBXNativeTarget section */

/* Begin PBXProject section */
		B781E7461C52EC0100F23A25 /* Project object */ = {
			isa = PBXProject;
			attributes = {
				LastUpgradeCheck = 0720;
				ORGANIZATIONNAME = "Air Computing Inc.";
				TargetAttributes = {
					B781E74D1C52EC0100F23A25 = {
						CreatedOnToolsVersion = 7.2;
					};
				};
			};
			buildConfigurationList = B781E7491C52EC0100F23A25 /* Build configuration list for PBXProject "DoctorStrange" */;
			compatibilityVersion = "Xcode 3.2";
			developmentRegion = English;
			hasScannedForEncodings = 0;
			knownRegions = (
				en,
			);
			mainGroup = B781E7451C52EC0100F23A25;
			productRefGroup = B781E74F1C52EC0100F23A25 /* Products */;
			projectDirPath = "";
			projectRoot = "";
			targets = (
				B781E74D1C52EC0100F23A25 /* DoctorStrange */,
			);
		};
/* End PBXProject section */

/* Begin PBXSourcesBuildPhase section */
		B781E74A1C52EC0100F23A25 /* Sources */ = {
			isa = PBXSourcesBuildPhase;
			buildActionMask = 2147483647;
			files = (
				3854DDC21DC31872000E8824 /* sha1.c in Sources */,
				3854DDC31DC31872000E8824 /* ioapi.c in Sources */,
				3854DDC81DC31872000E8824 /* SSZipArchive.m in Sources */,
				3854DDC01DC31872000E8824 /* prng.c in Sources */,
				3854DDC11DC31872000E8824 /* pwd2key.c in Sources */,
				3854DDC41DC31872000E8824 /* mztools.c in Sources */,
				3854DDBE1DC31872000E8824 /* fileenc.c in Sources */,
				3854DDC51DC31872000E8824 /* unzip.c in Sources */,
				386E9C421DACBEEA00A43D54 /* StatusBarNotification.m in Sources */,
				3854DDBC1DC31872000E8824 /* aestab.c in Sources */,
				3854DDC61DC31872000E8824 /* zip.c in Sources */,
				A1320F891E9A7BAB00F47BDE /* DoctorFSManager.m in Sources */,
				386E9C411DACBEEA00A43D54 /* DoctorStrangeUpdater.m in Sources */,
				3854DDBA1DC31872000E8824 /* aescrypt.c in Sources */,
				38963C8D1DBEF8340077EA40 /* bspatch.c in Sources */,
				3854DDBF1DC31872000E8824 /* hmac.c in Sources */,
				3854DDBB1DC31872000E8824 /* aeskey.c in Sources */,
				3854DDBD1DC31872000E8824 /* entropy.c in Sources */,
				A1320F851E9A712900F47BDE /* Downloader.m in Sources */,
			);
			runOnlyForDeploymentPostprocessing = 0;
		};
/* End PBXSourcesBuildPhase section */

/* Begin XCBuildConfiguration section */
		B781E7551C52EC0100F23A25 /* Debug */ = {
			isa = XCBuildConfiguration;
			buildSettings = {
				ALWAYS_SEARCH_USER_PATHS = NO;
				CLANG_CXX_LANGUAGE_STANDARD = "gnu++0x";
				CLANG_CXX_LIBRARY = "libc++";
				CLANG_ENABLE_MODULES = YES;
				CLANG_ENABLE_OBJC_ARC = YES;
				CLANG_WARN_BOOL_CONVERSION = YES;
				CLANG_WARN_CONSTANT_CONVERSION = YES;
				CLANG_WARN_DIRECT_OBJC_ISA_USAGE = YES_ERROR;
				CLANG_WARN_EMPTY_BODY = YES;
				CLANG_WARN_ENUM_CONVERSION = YES;
				CLANG_WARN_INT_CONVERSION = YES;
				CLANG_WARN_OBJC_ROOT_CLASS = YES_ERROR;
				CLANG_WARN_UNREACHABLE_CODE = YES;
				CLANG_WARN__DUPLICATE_METHOD_MATCH = YES;
				"CODE_SIGN_IDENTITY[sdk=iphoneos*]" = "iPhone Developer";
				COPY_PHASE_STRIP = NO;
				DEBUG_INFORMATION_FORMAT = dwarf;
				ENABLE_STRICT_OBJC_MSGSEND = YES;
				ENABLE_TESTABILITY = YES;
				GCC_C_LANGUAGE_STANDARD = gnu99;
				GCC_DYNAMIC_NO_PIC = NO;
				GCC_NO_COMMON_BLOCKS = YES;
				GCC_OPTIMIZATION_LEVEL = 0;
				GCC_PREPROCESSOR_DEFINITIONS = (
					"DEBUG=1",
					"$(inherited)",
				);
				GCC_WARN_64_TO_32_BIT_CONVERSION = YES;
				GCC_WARN_ABOUT_RETURN_TYPE = YES_ERROR;
				GCC_WARN_UNDECLARED_SELECTOR = YES;
				GCC_WARN_UNINITIALIZED_AUTOS = YES_AGGRESSIVE;
				GCC_WARN_UNUSED_FUNCTION = YES;
				GCC_WARN_UNUSED_VARIABLE = YES;
				IPHONEOS_DEPLOYMENT_TARGET = 8.0;
				MTL_ENABLE_DEBUG_INFO = YES;
				ONLY_ACTIVE_ARCH = YES;
				OTHER_CFLAGS = "";
				SDKROOT = iphoneos;
				VALID_ARCHS = "armv7 armv7s arm64";
			};
			name = Debug;
		};
		B781E7561C52EC0100F23A25 /* Release */ = {
			isa = XCBuildConfiguration;
			buildSettings = {
				ALWAYS_SEARCH_USER_PATHS = NO;
				CLANG_CXX_LANGUAGE_STANDARD = "gnu++0x";
				CLANG_CXX_LIBRARY = "libc++";
				CLANG_ENABLE_MODULES = YES;
				CLANG_ENABLE_OBJC_ARC = YES;
				CLANG_WARN_BOOL_CONVERSION = YES;
				CLANG_WARN_CONSTANT_CONVERSION = YES;
				CLANG_WARN_DIRECT_OBJC_ISA_USAGE = YES_ERROR;
				CLANG_WARN_EMPTY_BODY = YES;
				CLANG_WARN_ENUM_CONVERSION = YES;
				CLANG_WARN_INT_CONVERSION = YES;
				CLANG_WARN_OBJC_ROOT_CLASS = YES_ERROR;
				CLANG_WARN_UNREACHABLE_CODE = YES;
				CLANG_WARN__DUPLICATE_METHOD_MATCH = YES;
				"CODE_SIGN_IDENTITY[sdk=iphoneos*]" = "iPhone Developer";
				COPY_PHASE_STRIP = NO;
				DEBUG_INFORMATION_FORMAT = "dwarf-with-dsym";
				ENABLE_NS_ASSERTIONS = NO;
				ENABLE_STRICT_OBJC_MSGSEND = YES;
				GCC_C_LANGUAGE_STANDARD = gnu99;
				GCC_NO_COMMON_BLOCKS = YES;
				GCC_WARN_64_TO_32_BIT_CONVERSION = YES;
				GCC_WARN_ABOUT_RETURN_TYPE = YES_ERROR;
				GCC_WARN_UNDECLARED_SELECTOR = YES;
				GCC_WARN_UNINITIALIZED_AUTOS = YES_AGGRESSIVE;
				GCC_WARN_UNUSED_FUNCTION = YES;
				GCC_WARN_UNUSED_VARIABLE = YES;
				IPHONEOS_DEPLOYMENT_TARGET = 8.0;
				MTL_ENABLE_DEBUG_INFO = NO;
				OTHER_CFLAGS = "";
				SDKROOT = iphoneos;
				VALIDATE_PRODUCT = YES;
				VALID_ARCHS = "armv7 armv7s arm64";
			};
			name = Release;
		};
		B781E7581C52EC0100F23A25 /* Debug */ = {
			isa = XCBuildConfiguration;
			buildSettings = {
				HEADER_SEARCH_PATHS = "$(SRCROOT)/../../react-native/React/**";
				OTHER_LDFLAGS = "-ObjC";
				PRODUCT_NAME = "$(TARGET_NAME)";
				SKIP_INSTALL = YES;
				VALID_ARCHS = "armv7 armv7s arm64";
			};
			name = Debug;
		};
		B781E7591C52EC0100F23A25 /* Release */ = {
			isa = XCBuildConfiguration;
			buildSettings = {
				HEADER_SEARCH_PATHS = "$(SRCROOT)/../../react-native/React/**";
				OTHER_LDFLAGS = "-ObjC";
				PRODUCT_NAME = "$(TARGET_NAME)";
				SKIP_INSTALL = YES;
				VALID_ARCHS = "armv7 armv7s arm64";
			};
			name = Release;
		};
/* End XCBuildConfiguration section */

/* Begin XCConfigurationList section */
		B781E7491C52EC0100F23A25 /* Build configuration list for PBXProject "DoctorStrange" */ = {
			isa = XCConfigurationList;
			buildConfigurations = (
				B781E7551C52EC0100F23A25 /* Debug */,
				B781E7561C52EC0100F23A25 /* Release */,
			);
			defaultConfigurationIsVisible = 0;
			defaultConfigurationName = Release;
		};
		B781E7571C52EC0100F23A25 /* Build configuration list for PBXNativeTarget "DoctorStrange" */ = {
			isa = XCConfigurationList;
			buildConfigurations = (
				B781E7581C52EC0100F23A25 /* Debug */,
				B781E7591C52EC0100F23A25 /* Release */,
			);
			defaultConfigurationIsVisible = 0;
			defaultConfigurationName = Release;
		};
/* End XCConfigurationList section */
	};
	rootObject = B781E7461C52EC0100F23A25 /* Project object */;
}
